Microsoft Visual Studio Solution File, Format Version 12.00
# Visual Studio Version 17
VisualStudioVersion = 17.5.2.0
MinimumVisualStudioVersion = 10.0.40219.1
Project("{FAE04EC0-301F-11D3-BF4B-00C04F79EFBC}") = "ConfigTool", "ConfigTool.csproj", "{265B17F7-B141-5BA2-C129-D2D26234FC52}"
EndProject
Global
	GlobalSection(SolutionConfigurationPlatforms) = preSolution
		Debug|Any CPU = Debug|Any CPU
		Release|Any CPU = Release|Any CPU
	EndGlobalSection
	GlobalSection(ProjectConfigurationPlatforms) = postSolution
		{265B17F7-B141-5BA2-C129-D2D26234FC52}.Debug|Any CPU.ActiveCfg = Debug|Any CPU
		{265B17F7-B141-5BA2-C129-D2D26234FC52}.Debug|Any CPU.Build.0 = Debug|Any CPU
		{265B17F7-B141-5BA2-C129-D2D26234FC52}.Release|Any CPU.ActiveCfg = Release|Any CPU
		{265B17F7-B141-5BA2-C129-D2D26234FC52}.Release|Any CPU.Build.0 = Release|Any CPU
	EndGlobalSection
	GlobalSection(SolutionProperties) = preSolution
		HideSolutionNode = FALSE
	EndGlobalSection
	GlobalSection(ExtensibilityGlobals) = postSolution
		SolutionGuid = {54B1EEB7-26EB-4387-B74F-82CD9B8EB883}
	EndGlobalSection
EndGlobal
